
Microsoft Visual Studio Solution File, Format Version 12.00
# Visual Studio Version 17
VisualStudioVersion = 17.7.34024.191
MinimumVisualStudioVersion = 10.0.40219.1
Project("{2150E333-8FDC-42A3-9474-1A3956D46DE8}") = "Solution Items", "Solution Items", "{D77105EA-4442-4148-A1B1-92DB63F8DC16}"
	ProjectSection(SolutionItems) = preProject
		..\.editorconfig = ..\.editorconfig
	EndProjectSection
EndProject
Project("{FAE04EC0-301F-11D3-BF4B-00C04F79EFBC}") = "CodyMazeBot", "CodyMazeBot\CodyMazeBot.csproj", "{85995155-70B7-4916-9289-8F24253503FC}"
EndProject
Project("{FAE04EC0-301F-11D3-BF4B-00C04F79EFBC}") = "MazeInstaller", "MazeInstaller\MazeInstaller.csproj", "{03B3D30A-7B48-4860-BF2D-5D2FF25DC6D9}"
EndProject
Global
	GlobalSection(SolutionConfigurationPlatforms) = preSolution
		Debug|Any CPU = Debug|Any CPU
		Release|Any CPU = Release|Any CPU
	EndGlobalSection
	GlobalSection(ProjectConfigurationPlatforms) = postSolution
		{85995155-70B7-4916-9289-8F24253503FC}.Debug|Any CPU.ActiveCfg = Debug|Any CPU
		{85995155-70B7-4916-9289-8F24253503FC}.Debug|Any CPU.Build.0 = Debug|Any CPU
		{85995155-70B7-4916-9289-8F24253503FC}.Release|Any CPU.ActiveCfg = Release|Any CPU
		{85995155-70B7-4916-9289-8F24253503FC}.Release|Any CPU.Build.0 = Release|Any CPU
		{03B3D30A-7B48-4860-BF2D-5D2FF25DC6D9}.Debug|Any CPU.ActiveCfg = Debug|Any CPU
		{03B3D30A-7B48-4860-BF2D-5D2FF25DC6D9}.Debug|Any CPU.Build.0 = Debug|Any CPU
		{03B3D30A-7B48-4860-BF2D-5D2FF25DC6D9}.Release|Any CPU.ActiveCfg = Release|Any CPU
		{03B3D30A-7B48-4860-BF2D-5D2FF25DC6D9}.Release|Any CPU.Build.0 = Release|Any CPU
	EndGlobalSection
	GlobalSection(SolutionProperties) = preSolution
		HideSolutionNode = FALSE
	EndGlobalSection
	GlobalSection(ExtensibilityGlobals) = postSolution
		SolutionGuid = {4A4CD567-E035-441C-871F-6DABBC7D5276}
	EndGlobalSection
EndGlobal
